
Microsoft Visual Studio Solution File, Format Version 12.00
# Visual Studio Version 16
VisualStudioVersion = 16.0.29519.87
MinimumVisualStudioVersion = 10.0.40219.1
Project("{FAE04EC0-301F-11D3-BF4B-00C04F79EFBC}") = "Task8", "Task8\Task8.csproj", "{046DEC16-69D8-47FD-B2BC-71E7EA538468}"
EndProject
Project("{FAE04EC0-301F-11D3-BF4B-00C04F79EFBC}") = "Task8Library", "Task8Library\Task8Library.csproj", "{12EB8E17-B3A0-437A-8D4C-FC1842453E0F}"
EndProject
Global
	GlobalSection(SolutionConfigurationPlatforms) = preSolution
		Debug|Any CPU = Debug|Any CPU
		Release|Any CPU = Release|Any CPU
	EndGlobalSection
	GlobalSection(ProjectConfigurationPlatforms) = postSolution
		{046DEC16-69D8-47FD-B2BC-71E7EA538468}.Debug|Any CPU.ActiveCfg = Debug|Any CPU
		{046DEC16-69D8-47FD-B2BC-71E7EA538468}.Debug|Any CPU.Build.0 = Debug|Any CPU
		{046DEC16-69D8-47FD-B2BC-71E7EA538468}.Release|Any CPU.ActiveCfg = Release|Any CPU
		{046DEC16-69D8-47FD-B2BC-71E7EA538468}.Release|Any CPU.Build.0 = Release|Any CPU
		{12EB8E17-B3A0-437A-8D4C-FC1842453E0F}.Debug|Any CPU.ActiveCfg = Debug|Any CPU
		{12EB8E17-B3A0-437A-8D4C-FC1842453E0F}.Debug|Any CPU.Build.0 = Debug|Any CPU
		{12EB8E17-B3A0-437A-8D4C-FC1842453E0F}.Release|Any CPU.ActiveCfg = Release|Any CPU
		{12EB8E17-B3A0-437A-8D4C-FC1842453E0F}.Release|Any CPU.Build.0 = Release|Any CPU
	EndGlobalSection
	GlobalSection(SolutionProperties) = preSolution
		HideSolutionNode = FALSE
	EndGlobalSection
	GlobalSection(ExtensibilityGlobals) = postSolution
		SolutionGuid = {3E3B39A2-8056-48A9-B4A1-56879B779154}
	EndGlobalSection
EndGlobal
